
Microsoft Visual Studio Solution File, Format Version 12.00
# Visual Studio Version 16
VisualStudioVersion = 16.0.30717.126
MinimumVisualStudioVersion = 10.0.40219.1
Project("{9A19103F-16F7-4668-BE54-9A1E7A4F7556}") = "HorosExec", "HorosExec\HorosExec.csproj", "{01B8C531-0761-499B-A664-24A943CB2B46}"
EndProject
Project("{FAE04EC0-301F-11D3-BF4B-00C04F79EFBC}") = "HorusInicial", "HorusInicial\HorusInicial.csproj", "{F714C2C4-3934-4068-8D5C-B0472456C5E3}"
EndProject
Global
	GlobalSection(SolutionConfigurationPlatforms) = preSolution
		Debug|Any CPU = Debug|Any CPU
		Release|Any CPU = Release|Any CPU
	EndGlobalSection
	GlobalSection(ProjectConfigurationPlatforms) = postSolution
		{01B8C531-0761-499B-A664-24A943CB2B46}.Debug|Any CPU.ActiveCfg = Debug|Any CPU
		{01B8C531-0761-499B-A664-24A943CB2B46}.Debug|Any CPU.Build.0 = Debug|Any CPU
		{01B8C531-0761-499B-A664-24A943CB2B46}.Release|Any CPU.ActiveCfg = Release|Any CPU
		{01B8C531-0761-499B-A664-24A943CB2B46}.Release|Any CPU.Build.0 = Release|Any CPU
		{F714C2C4-3934-4068-8D5C-B0472456C5E3}.Debug|Any CPU.ActiveCfg = Debug|Any CPU
		{F714C2C4-3934-4068-8D5C-B0472456C5E3}.Debug|Any CPU.Build.0 = Debug|Any CPU
		{F714C2C4-3934-4068-8D5C-B0472456C5E3}.Release|Any CPU.ActiveCfg = Release|Any CPU
		{F714C2C4-3934-4068-8D5C-B0472456C5E3}.Release|Any CPU.Build.0 = Release|Any CPU
	EndGlobalSection
	GlobalSection(SolutionProperties) = preSolution
		HideSolutionNode = FALSE
	EndGlobalSection
	GlobalSection(ExtensibilityGlobals) = postSolution
		SolutionGuid = {2E245086-2B1C-49F8-B367-B2720FA1BF31}
	EndGlobalSection
EndGlobal
